
Microsoft Visual Studio Solution File, Format Version 12.00
# Visual Studio Version 16
VisualStudioVersion = 16.0.31025.194
MinimumVisualStudioVersion = 10.0.40219.1
Project("{FAE04EC0-301F-11D3-BF4B-00C04F79EFBC}") = "Tema", "Tema.csproj", "{FB345DBC-55C4-4698-ADF6-EAC4F9AA358E}"
EndProject
Global
	GlobalSection(SolutionConfigurationPlatforms) = preSolution
		Debug|Any CPU = Debug|Any CPU
		Release|Any CPU = Release|Any CPU
	EndGlobalSection
	GlobalSection(ProjectConfigurationPlatforms) = postSolution
		{FB345DBC-55C4-4698-ADF6-EAC4F9AA358E}.Debug|Any CPU.ActiveCfg = Debug|Any CPU
		{FB345DBC-55C4-4698-ADF6-EAC4F9AA358E}.Debug|Any CPU.Build.0 = Debug|Any CPU
		{FB345DBC-55C4-4698-ADF6-EAC4F9AA358E}.Release|Any CPU.ActiveCfg = Release|Any CPU
		{FB345DBC-55C4-4698-ADF6-EAC4F9AA358E}.Release|Any CPU.Build.0 = Release|Any CPU
	EndGlobalSection
	GlobalSection(SolutionProperties) = preSolution
		HideSolutionNode = FALSE
	EndGlobalSection
	GlobalSection(ExtensibilityGlobals) = postSolution
		SolutionGuid = {6FB7EA3B-D92E-4233-A11A-60E3B33822B9}
	EndGlobalSection
EndGlobal
